
Microsoft Visual Studio Solution File, Format Version 12.00
# Visual Studio Version 16
VisualStudioVersion = 16.0.29728.190
MinimumVisualStudioVersion = 10.0.40219.1
Project("{9A19103F-16F7-4668-BE54-9A1E7A4F7556}") = "DiscountSystem_ECommerce", "DiscountSystem_ECommerce.csproj", "{789FDD9C-6DE9-4275-A0C0-8DC5259FFAA5}"
EndProject
Project("{9A19103F-16F7-4668-BE54-9A1E7A4F7556}") = "DiscountSystemTests", "DiscountSystemTests\DiscountSystemTests.csproj", "{21194D5E-D234-4570-886F-EDA5B0829EC0}"
EndProject
Global
	GlobalSection(SolutionConfigurationPlatforms) = preSolution
		Debug|Any CPU = Debug|Any CPU
		Release|Any CPU = Release|Any CPU
	EndGlobalSection
	GlobalSection(ProjectConfigurationPlatforms) = postSolution
		{789FDD9C-6DE9-4275-A0C0-8DC5259FFAA5}.Debug|Any CPU.ActiveCfg = Debug|Any CPU
		{789FDD9C-6DE9-4275-A0C0-8DC5259FFAA5}.Debug|Any CPU.Build.0 = Debug|Any CPU
		{789FDD9C-6DE9-4275-A0C0-8DC5259FFAA5}.Release|Any CPU.ActiveCfg = Release|Any CPU
		{789FDD9C-6DE9-4275-A0C0-8DC5259FFAA5}.Release|Any CPU.Build.0 = Release|Any CPU
		{21194D5E-D234-4570-886F-EDA5B0829EC0}.Debug|Any CPU.ActiveCfg = Debug|Any CPU
		{21194D5E-D234-4570-886F-EDA5B0829EC0}.Debug|Any CPU.Build.0 = Debug|Any CPU
		{21194D5E-D234-4570-886F-EDA5B0829EC0}.Release|Any CPU.ActiveCfg = Release|Any CPU
		{21194D5E-D234-4570-886F-EDA5B0829EC0}.Release|Any CPU.Build.0 = Release|Any CPU
	EndGlobalSection
	GlobalSection(SolutionProperties) = preSolution
		HideSolutionNode = FALSE
	EndGlobalSection
	GlobalSection(ExtensibilityGlobals) = postSolution
		SolutionGuid = {D1991A6E-DF03-484A-993E-C84F1CA1226C}
	EndGlobalSection
EndGlobal
